<Solution>
  <Folder Name="/src/">
    <Project Path="src/Aluki.Runtime.Abstractions/Aluki.Runtime.Abstractions.csproj" />
    <Project Path="src/Aluki.Runtime.Capture/Aluki.Runtime.Capture.csproj" />
    <Project Path="src/Aluki.Runtime.Memory/Aluki.Runtime.Memory.csproj" />
    <Project Path="src/Aluki.Runtime.Extraction/Aluki.Runtime.Extraction.csproj" />
    <Project Path="src/Aluki.Runtime.Reminders/Aluki.Runtime.Reminders.csproj" />
    <Project Path="src/Aluki.Runtime.Conversation/Aluki.Runtime.Conversation.csproj" />
    <Project Path="src/Aluki.Runtime.DelegatedReminders/Aluki.Runtime.DelegatedReminders.csproj" />
    <Project Path="src/Aluki.Runtime.Functions/Aluki.Runtime.Functions.csproj" />
    <Project Path="src/Aluki.Runtime.Host/Aluki.Runtime.Host.csproj" />
  </Folder>
  <Folder Name="/tests/">
    <Project Path="tests/unit/Aluki.Runtime.UnitTests/Aluki.Runtime.UnitTests.csproj" />
    <Project Path="tests/contract/Aluki.Runtime.ContractTests/Aluki.Runtime.ContractTests.csproj" />
    <Project Path="tests/integration/Aluki.Runtime.IntegrationTests/Aluki.Runtime.IntegrationTests.csproj" />
  </Folder>
</Solution>
